
Microsoft Visual Studio Solution File, Format Version 12.00
# Visual Studio Express 2012 for Web
Project("{FAE04EC0-301F-11D3-BF4B-00C04F79EFBC}") = "box2dweb.d.ts", "box2dweb.d.ts.csproj", "{78139ED7-E367-43CF-A0AB-1D019EC89F46}"
EndProject
Project("{FAE04EC0-301F-11D3-BF4B-00C04F79EFBC}") = "minifier", "Minifier\minifier.csproj", "{7B83B7B5-29E0-4516-A243-E61BBC5F1500}"
EndProject
Global
	GlobalSection(SolutionConfigurationPlatforms) = preSolution
		Debug|Any CPU = Debug|Any CPU
		Release|Any CPU = Release|Any CPU
	EndGlobalSection
	GlobalSection(ProjectConfigurationPlatforms) = postSolution
		{78139ED7-E367-43CF-A0AB-1D019EC89F46}.Debug|Any CPU.ActiveCfg = Debug|Any CPU
		{78139ED7-E367-43CF-A0AB-1D019EC89F46}.Debug|Any CPU.Build.0 = Debug|Any CPU
		{78139ED7-E367-43CF-A0AB-1D019EC89F46}.Release|Any CPU.ActiveCfg = Release|Any CPU
		{78139ED7-E367-43CF-A0AB-1D019EC89F46}.Release|Any CPU.Build.0 = Release|Any CPU
		{7B83B7B5-29E0-4516-A243-E61BBC5F1500}.Debug|Any CPU.ActiveCfg = Debug|Any CPU
		{7B83B7B5-29E0-4516-A243-E61BBC5F1500}.Debug|Any CPU.Build.0 = Debug|Any CPU
		{7B83B7B5-29E0-4516-A243-E61BBC5F1500}.Release|Any CPU.ActiveCfg = Release|Any CPU
		{7B83B7B5-29E0-4516-A243-E61BBC5F1500}.Release|Any CPU.Build.0 = Release|Any CPU
	EndGlobalSection
	GlobalSection(SolutionProperties) = preSolution
		HideSolutionNode = FALSE
	EndGlobalSection
EndGlobal
